{
  "version": 4,
  "terraform_version": "1.5.6",
  "serial": 16,
  "lineage": "831adf16-1d78-a603-0664-0c09b467b8f0",
  "outputs": {
    "public-ip": {
      "value": "18.209.4.154",
      "type": "string"
    },
    "ssh-command": {
      "value": "ssh -i keypair.pem ec2-user@ec2-18-209-4-154.compute-1.amazonaws.com",
      "type": "string"
    }
  },
  "resources": [
    {
      "mode": "data",
      "type": "aws_ami",
      "name": "amazon-2",
      "provider": "provider[\"registry.terraform.io/hashicorp/aws\"]",
      "instances": [
        {
          "schema_version": 0,
          "attributes": {
            "architecture": "x86_64",
            "arn": "arn:aws:ec2:us-east-1::image/ami-0062355a529d6089c",
            "block_device_mappings": [
              {
                "device_name": "/dev/xvda",
                "ebs": {
                  "delete_on_termination": "true",
                  "encrypted": "false",
                  "iops": "0",
                  "snapshot_id": "snap-044021215383879d8",
                  "throughput": "0",
                  "volume_size": "8",
                  "volume_type": "standard"
                },
                "no_device": "",
                "virtual_name": ""
              }
            ],
            "boot_mode": "",
            "creation_date": "2023-11-17T00:55:44.000Z",
            "deprecation_time": "2025-07-01T00:00:00.000Z",
            "description": "Amazon Linux 2 AMI 2.0.20231116.0 x86_64 HVM ebs",
            "ena_support": true,
            "executable_users": null,
            "filter": [
              {
                "name": "name",
                "values": [
                  "amzn2-ami-hvm-*-x86_64-ebs"
                ]
              }
            ],
            "hypervisor": "xen",
            "id": "ami-0062355a529d6089c",
            "image_id": "ami-0062355a529d6089c",
            "image_location": "amazon/amzn2-ami-hvm-2.0.20231116.0-x86_64-ebs",
            "image_owner_alias": "amazon",
            "image_type": "machine",
            "imds_support": "",
            "include_deprecated": false,
            "kernel_id": "",
            "most_recent": true,
            "name": "amzn2-ami-hvm-2.0.20231116.0-x86_64-ebs",
            "name_regex": null,
            "owner_id": "137112412989",
            "owners": [
              "amazon"
            ],
            "platform": "",
            "platform_details": "Linux/UNIX",
            "product_codes": [],
            "public": true,
            "ramdisk_id": "",
            "root_device_name": "/dev/xvda",
            "root_device_type": "ebs",
            "root_snapshot_id": "snap-044021215383879d8",
            "sriov_net_support": "simple",
            "state": "available",
            "state_reason": {
              "code": "UNSET",
              "message": "UNSET"
            },
            "tags": {},
            "timeouts": null,
            "tpm_support": "",
            "usage_operation": "RunInstances",
            "virtualization_type": "hvm"
          },
          "sensitive_attributes": []
        }
      ]
    },
    {
      "mode": "managed",
      "type": "aws_default_vpc",
      "name": "default_vpc",
      "provider": "provider[\"registry.terraform.io/hashicorp/aws\"]",
      "instances": [
        {
          "schema_version": 1,
          "attributes": {
            "arn": "arn:aws:ec2:us-east-1:111330689043:vpc/vpc-0c7b0de4441cfeeff",
            "assign_generated_ipv6_cidr_block": false,
            "cidr_block": "172.31.0.0/16",
            "default_network_acl_id": "acl-062e4b47c99944397",
            "default_route_table_id": "rtb-08cfce0cfa9407b61",
            "default_security_group_id": "sg-0bfb95aa29eb72143",
            "dhcp_options_id": "dopt-06cf898546ff308f4",
            "enable_classiclink": false,
            "enable_classiclink_dns_support": false,
            "enable_dns_hostnames": true,
            "enable_dns_support": true,
            "enable_network_address_usage_metrics": false,
            "existing_default_vpc": true,
            "force_destroy": false,
            "id": "vpc-0c7b0de4441cfeeff",
            "instance_tenancy": "default",
            "ipv6_association_id": "",
            "ipv6_cidr_block": "",
            "ipv6_cidr_block_network_border_group": "",
            "ipv6_ipam_pool_id": "",
            "ipv6_netmask_length": 0,
            "main_route_table_id": "rtb-08cfce0cfa9407b61",
            "owner_id": "111330689043",
            "tags": null,
            "tags_all": null
          },
          "sensitive_attributes": [],
          "private": "eyJzY2hlbWFfdmVyc2lvbiI6IjEifQ=="
        }
      ]
    },
    {
      "mode": "managed",
      "type": "aws_instance",
      "name": "DockerInstance",
      "provider": "provider[\"registry.terraform.io/hashicorp/aws\"]",
      "instances": [
        {
          "schema_version": 1,
          "attributes": {
            "ami": "ami-0062355a529d6089c",
            "arn": "arn:aws:ec2:us-east-1:111330689043:instance/i-00a1f54b73d0fde7a",
            "associate_public_ip_address": true,
            "availability_zone": "us-east-1a",
            "capacity_reservation_specification": [
              {
                "capacity_reservation_preference": "open",
                "capacity_reservation_target": []
              }
            ],
            "cpu_core_count": 1,
            "cpu_threads_per_core": 1,
            "credit_specification": [
              {
                "cpu_credits": "standard"
              }
            ],
            "disable_api_stop": false,
            "disable_api_termination": false,
            "ebs_block_device": [],
            "ebs_optimized": false,
            "enclave_options": [
              {
                "enabled": false
              }
            ],
            "ephemeral_block_device": [],
            "get_password_data": false,
            "hibernation": false,
            "host_id": "",
            "host_resource_group_arn": null,
            "iam_instance_profile": "",
            "id": "i-00a1f54b73d0fde7a",
            "instance_initiated_shutdown_behavior": "stop",
            "instance_state": "running",
            "instance_type": "t2.micro",
            "ipv6_address_count": 0,
            "ipv6_addresses": [],
            "key_name": "privatekeypair1",
            "launch_template": [],
            "maintenance_options": [
              {
                "auto_recovery": "default"
              }
            ],
            "metadata_options": [
              {
                "http_endpoint": "enabled",
                "http_put_response_hop_limit": 1,
                "http_tokens": "optional",
                "instance_metadata_tags": "disabled"
              }
            ],
            "monitoring": false,
            "network_interface": [],
            "outpost_arn": "",
            "password_data": "",
            "placement_group": "",
            "placement_partition_number": 0,
            "primary_network_interface_id": "eni-04d578ff632ea7394",
            "private_dns": "ip-172-31-23-40.ec2.internal",
            "private_dns_name_options": [
              {
                "enable_resource_name_dns_a_record": false,
                "enable_resource_name_dns_aaaa_record": false,
                "hostname_type": "ip-name"
              }
            ],
            "private_ip": "172.31.23.40",
            "public_dns": "ec2-18-209-4-154.compute-1.amazonaws.com",
            "public_ip": "18.209.4.154",
            "root_block_device": [
              {
                "delete_on_termination": true,
                "device_name": "/dev/xvda",
                "encrypted": false,
                "iops": 0,
                "kms_key_id": "",
                "tags": {},
                "throughput": 0,
                "volume_id": "vol-03f9fbdad045b3dc1",
                "volume_size": 8,
                "volume_type": "standard"
              }
            ],
            "secondary_private_ips": [],
            "security_groups": [
              "week12-Web-SG"
            ],
            "source_dest_check": true,
            "subnet_id": "subnet-02ee493fc95dc9a99",
            "tags": {
              "Name": "docker instance"
            },
            "tags_all": {
              "Name": "docker instance"
            },
            "tenancy": "default",
            "timeouts": null,
            "user_data": "00a7a835921c009744efd84370ccd01437a62ebe",
            "user_data_base64": null,
            "user_data_replace_on_change": false,
            "volume_tags": null,
            "vpc_security_group_ids": [
              "sg-04041f8c999c664cd"
            ]
          },
          "sensitive_attributes": [],
          "private": "eyJlMmJmYjczMC1lY2FhLTExZTYtOGY4OC0zNDM2M2JjN2M0YzAiOnsiY3JlYXRlIjo2MDAwMDAwMDAwMDAsImRlbGV0ZSI6MTIwMDAwMDAwMDAwMCwidXBkYXRlIjo2MDAwMDAwMDAwMDB9LCJzY2hlbWFfdmVyc2lvbiI6IjEifQ==",
          "dependencies": [
            "aws_key_pair.ec2_key",
            "aws_security_group.web-sg",
            "data.aws_ami.amazon-2",
            "tls_private_key.ec2_key"
          ]
        }
      ]
    },
    {
      "mode": "managed",
      "type": "aws_key_pair",
      "name": "ec2_key",
      "provider": "provider[\"registry.terraform.io/hashicorp/aws\"]",
      "instances": [
        {
          "schema_version": 1,
          "attributes": {
            "arn": "arn:aws:ec2:us-east-1:111330689043:key-pair/privatekeypair1",
            "fingerprint": "81:55:6e:a4:35:08:10:ed:88:26:b1:fd:d9:99:06:fb",
            "id": "privatekeypair1",
            "key_name": "privatekeypair1",
            "key_name_prefix": "",
            "key_pair_id": "key-0290427df6c84aa55",
            "key_type": "rsa",
            "public_key": "ssh-rsa AAAAB3NzaC1yc2EAAAADAQABAAABAQDUz4DPdt9e7EuIDmJTI/yqFXCNeaS8rtkaYELBC4yp9sAtXvSyZjfYXm71m3ou+/eguAwO9ZDfUSho71xx5r6VDLERbVD2PO7+kazu14EEvwPfWR9CeXyG14HbyGq+OrCL14PtULudKelCS4mr1XPSrZBzfSRw9i7LmN4JxR4Tge6OwwpjmVNA3gzezZOxWReMvNMd+bv7pCGC7Y6U3Us/1fPFPFveikGIRRmr1YMjdgo/43DCjzlOonXlI7fVXKgRjIPXlNTv3GCt9PmXF97xkXEY5JGFJw5z/vAOQ8ezRo2dT0T1mwqDFPfopMNWtjGNU4+9o9Mb0xXLVlTF/qbb",
            "tags": null,
            "tags_all": {}
          },
          "sensitive_attributes": [],
          "private": "eyJzY2hlbWFfdmVyc2lvbiI6IjEifQ==",
          "dependencies": [
            "tls_private_key.ec2_key"
          ]
        }
      ]
    },
    {
      "mode": "managed",
      "type": "aws_security_group",
      "name": "web-sg",
      "provider": "provider[\"registry.terraform.io/hashicorp/aws\"]",
      "instances": [
        {
          "schema_version": 1,
          "attributes": {
            "arn": "arn:aws:ec2:us-east-1:111330689043:security-group/sg-04041f8c999c664cd",
            "description": "Allow ssh and http inbound traffic",
            "egress": [
              {
                "cidr_blocks": [
                  "0.0.0.0/0"
                ],
                "description": "",
                "from_port": 0,
                "ipv6_cidr_blocks": [],
                "prefix_list_ids": [],
                "protocol": "-1",
                "security_groups": [],
                "self": false,
                "to_port": 0
              }
            ],
            "id": "sg-04041f8c999c664cd",
            "ingress": [
              {
                "cidr_blocks": [
                  "0.0.0.0/0"
                ],
                "description": "ingress port ",
                "from_port": 22,
                "ipv6_cidr_blocks": [],
                "prefix_list_ids": [],
                "protocol": "tcp",
                "security_groups": [],
                "self": false,
                "to_port": 22
              },
              {
                "cidr_blocks": [
                  "0.0.0.0/0"
                ],
                "description": "ingress port ",
                "from_port": 8000,
                "ipv6_cidr_blocks": [],
                "prefix_list_ids": [],
                "protocol": "tcp",
                "security_groups": [],
                "self": false,
                "to_port": 8100
              }
            ],
            "name": "week12-Web-SG",
            "name_prefix": "",
            "owner_id": "111330689043",
            "revoke_rules_on_delete": false,
            "tags": {
              "Name": "docker-Web-SG"
            },
            "tags_all": {
              "Name": "docker-Web-SG"
            },
            "timeouts": null,
            "vpc_id": "vpc-0c7b0de4441cfeeff"
          },
          "sensitive_attributes": [],
          "private": "eyJlMmJmYjczMC1lY2FhLTExZTYtOGY4OC0zNDM2M2JjN2M0YzAiOnsiY3JlYXRlIjo2MDAwMDAwMDAwMDAsImRlbGV0ZSI6OTAwMDAwMDAwMDAwfSwic2NoZW1hX3ZlcnNpb24iOiIxIn0=",
          "dependencies": [
            "aws_default_vpc.default_vpc"
          ]
        }
      ]
    },
    {
      "mode": "managed",
      "type": "local_file",
      "name": "ssh_key",
      "provider": "provider[\"registry.terraform.io/hashicorp/local\"]",
      "instances": [
        {
          "schema_version": 0,
          "attributes": {
            "content": "-----BEGIN RSA PRIVATE KEY-----\nMIIEowIBAAKCAQEA1M+Az3bfXuxLiA5iUyP8qhVwjXmkvK7ZGmBCwQuMqfbALV70\nsmY32F5u9Zt6Lvv3oLgMDvWQ31EoaO9ccea+lQyxEW1Q9jzu/pGs7teBBL8D31kf\nQnl8hteB28hqvjqwi9eD7VC7nSnpQkuJq9Vz0q2Qc30kcPYuy5jeCcUeE4HujsMK\nY5lTQN4M3s2TsVkXjLzTHfm7+6Qhgu2OlN1LP9XzxTxb3opBiEUZq9WDI3YKP+Nw\nwo85TqJ15SO31VyoEYyD15TU79xgrfT5lxfe8ZFxGOSRhScOc/7wDkPHs0aNnU9E\n9ZsKgxT36KTDVrYxjVOPvaPTG9MVy1ZUxf6m2wIDAQABAoIBAG8eWjf57fB2mYnV\nWOnopIl64GY+2hHbimkHUlPSYARvXzFRn5t3XDmSNYXxRP87ebVl5IX7G0Y/7kW8\nlhyzS1gwZFShK+EnN/OcxRuBU1DTHIaG1pezL56I8Ll+EJ57rquWQMCtowkRVUbU\ngnJC5lNfZUmoUlrZcN3GWEnpryangbgkgJnJCBEziIsTurtkMKCTeFPyLADHI8XR\nrMtKq6rCkA5YXc9NnkJZMFccxyoo2Lo0nViFQtxgWmgSylZjsZ2OfIQ2xK1vPbjP\nUOA7BjD4UBpM+bnxe1Q0AJp7PPCO3S1mjV+Bkwr9oxKgINcy8xXLuGCOeQe9Z4p/\nG7DOGIECgYEA4nVebZWLs2oPJQkD4JvOOHklR6eOkTcSNM12FyIvvwACxJslS4iS\nT57QTJOR6y5vNJGTFAAktJyO3jVskbXUBIF+DFF3DmkjlpOWurrWpQ1piVIjh6fD\nw7z/WFuLw20uvhGhyldQ5ciwB6MDTwiiAWyEgWS0fcl78UlX7c9vZ3ECgYEA8JJb\n9XuKXR8q4QXYBQXPfK49E+P7T7tcHfyOKMznISP6mmAZi91ZXasomC/V9wD3X07+\n8UOMdPF9zU6aX7fU8fRNHL5/ntDIzhzIwzASnccUt09RuJG+8IqJTABuxFuMzPhd\nHLs0P/wSitPdk18EdfcaicCCsn0Nvo6xD+owBQsCgYEAlDeZfEPa0azjCKxj20he\nqtuvqLxkNWtEAUdQuUdo1KwfI6sft9ZFXNNnJheX88PKiS+Wggqt+4BUid+RlbTa\ndbCDXXCcadQqtM0YZFMRVan3nychlhIZsS0sOxp/2YLGiyRjLloD2sGFZRouejX+\nQsxR1ZaiA4oyEvScFkwkcCECgYAtneMYElvzOnS8BIqosShd4QAt5F4ECWf3O6uN\nKwVssFDVswFFFyzZ6Rmiefedha5igS0wfHmGtz/+jTgSjF4xnvx8RdcXO0nIY4bi\nFByDlHtmIwFA+Un2fJ56Ld7TFvUE7NdjGlBXDapKbtAmIK9M2xVKJ5ng1HultZL3\njJWcbwKBgAD+rvb48uzRexBVw/Rhf1+zyGcB2Cw73PSj38Nn366FbYY3wFG1Ban3\nDVVR28OHnXdIVqX0t9Js49BzZL5p/r9kwuu49PGeP3NnXtofEi/a6+R32vPypU0f\nKK6ozGP9k0xQwRhnoaPBcKaglzItDltkl4oQWTTw020SbE+pvH+b\n-----END RSA PRIVATE KEY-----\n",
            "content_base64": null,
            "content_base64sha256": "ABJsix1zyPQpUrly8ygJiEZYerMra47650k37hbdv0o=",
            "content_base64sha512": "RnSJEUWCbwfvsbstvi51c5XFzQ8LuYWXjR/ZMweaxLlCfo0nf6HpVBiB/I5vLNV1SrOUeqQNoZbMT8lX7Yd8TA==",
            "content_md5": "b8d686afae82c7bfc36f217d6af8efa5",
            "content_sha1": "b7c475d0b3d70308eb9063c0edbe4593383a3d80",
            "content_sha256": "00126c8b1d73c8f42952b972f328098846587ab32b6b8efae74937ee16ddbf4a",
            "content_sha512": "4674891145826f07efb1bb2dbe2e757395c5cd0f0bb985978d1fd933079ac4b9427e8d277fa1e9541881fc8e6f2cd5754ab3947aa40da196cc4fc957ed877c4c",
            "directory_permission": "0777",
            "file_permission": "0777",
            "filename": "keypair.pem",
            "id": "b7c475d0b3d70308eb9063c0edbe4593383a3d80",
            "sensitive_content": null,
            "source": null
          },
          "sensitive_attributes": [
            [
              {
                "type": "get_attr",
                "value": "content"
              }
            ]
          ],
          "dependencies": [
            "tls_private_key.ec2_key"
          ]
        }
      ]
    },
    {
      "mode": "managed",
      "type": "tls_private_key",
      "name": "ec2_key",
      "provider": "provider[\"registry.terraform.io/hashicorp/tls\"]",
      "instances": [
        {
          "schema_version": 1,
          "attributes": {
            "algorithm": "RSA",
            "ecdsa_curve": "P224",
            "id": "4a32f777ec362f6841aeda0231afcce8798f1a09",
            "private_key_openssh": "-----BEGIN OPENSSH PRIVATE KEY-----\nb3BlbnNzaC1rZXktdjEAAAAABG5vbmUAAAAEbm9uZQAAAAAAAAABAAABFwAAAAdz\nc2gtcnNhAAAAAwEAAQAAAQEA1M+Az3bfXuxLiA5iUyP8qhVwjXmkvK7ZGmBCwQuM\nqfbALV70smY32F5u9Zt6Lvv3oLgMDvWQ31EoaO9ccea+lQyxEW1Q9jzu/pGs7teB\nBL8D31kfQnl8hteB28hqvjqwi9eD7VC7nSnpQkuJq9Vz0q2Qc30kcPYuy5jeCcUe\nE4HujsMKY5lTQN4M3s2TsVkXjLzTHfm7+6Qhgu2OlN1LP9XzxTxb3opBiEUZq9WD\nI3YKP+Nwwo85TqJ15SO31VyoEYyD15TU79xgrfT5lxfe8ZFxGOSRhScOc/7wDkPH\ns0aNnU9E9ZsKgxT36KTDVrYxjVOPvaPTG9MVy1ZUxf6m2wAAA7h4O0qSeDtKkgAA\nAAdzc2gtcnNhAAABAQDUz4DPdt9e7EuIDmJTI/yqFXCNeaS8rtkaYELBC4yp9sAt\nXvSyZjfYXm71m3ou+/eguAwO9ZDfUSho71xx5r6VDLERbVD2PO7+kazu14EEvwPf\nWR9CeXyG14HbyGq+OrCL14PtULudKelCS4mr1XPSrZBzfSRw9i7LmN4JxR4Tge6O\nwwpjmVNA3gzezZOxWReMvNMd+bv7pCGC7Y6U3Us/1fPFPFveikGIRRmr1YMjdgo/\n43DCjzlOonXlI7fVXKgRjIPXlNTv3GCt9PmXF97xkXEY5JGFJw5z/vAOQ8ezRo2d\nT0T1mwqDFPfopMNWtjGNU4+9o9Mb0xXLVlTF/qbbAAAAAwEAAQAAAQBvHlo3+e3w\ndpmJ1Vjp6KSJeuBmPtoR24ppB1JT0mAEb18xUZ+bd1w5kjWF8UT/O3m1ZeSF+xtG\nP+5FvJYcs0tYMGRUoSvhJzfznMUbgVNQ0xyGhtaXsy+eiPC5fhCee66rlkDAraMJ\nEVVG1IJyQuZTX2VJqFJa2XDdxlhJ6a8mp4G4JICZyQgRM4iLE7q7ZDCgk3hT8iwA\nxyPF0azLSquqwpAOWF3PTZ5CWTBXHMcqKNi6NJ1YhULcYFpoEspWY7GdjnyENsSt\nbz24z1DgOwYw+FAaTPm58XtUNACaezzwjt0tZo1fgZMK/aMSoCDXMvMVy7hgjnkH\nvWeKfxuwzhiBAAAAgAD+rvb48uzRexBVw/Rhf1+zyGcB2Cw73PSj38Nn366FbYY3\nwFG1Ban3DVVR28OHnXdIVqX0t9Js49BzZL5p/r9kwuu49PGeP3NnXtofEi/a6+R3\n2vPypU0fKK6ozGP9k0xQwRhnoaPBcKaglzItDltkl4oQWTTw020SbE+pvH+bAAAA\ngQDidV5tlYuzag8lCQPgm844eSVHp46RNxI0zXYXIi+/AALEmyVLiJJPntBMk5Hr\nLm80kZMUACS0nI7eNWyRtdQEgX4MUXcOaSOWk5a6utalDWmJUiOHp8PDvP9YW4vD\nbS6+EaHKV1DlyLAHowNPCKIBbISBZLR9yXvxSVftz29ncQAAAIEA8JJb9XuKXR8q\n4QXYBQXPfK49E+P7T7tcHfyOKMznISP6mmAZi91ZXasomC/V9wD3X07+8UOMdPF9\nzU6aX7fU8fRNHL5/ntDIzhzIwzASnccUt09RuJG+8IqJTABuxFuMzPhdHLs0P/wS\nitPdk18EdfcaicCCsn0Nvo6xD+owBQsAAAAAAQID\n-----END OPENSSH PRIVATE KEY-----\n",
            "private_key_pem": "-----BEGIN RSA PRIVATE KEY-----\nMIIEowIBAAKCAQEA1M+Az3bfXuxLiA5iUyP8qhVwjXmkvK7ZGmBCwQuMqfbALV70\nsmY32F5u9Zt6Lvv3oLgMDvWQ31EoaO9ccea+lQyxEW1Q9jzu/pGs7teBBL8D31kf\nQnl8hteB28hqvjqwi9eD7VC7nSnpQkuJq9Vz0q2Qc30kcPYuy5jeCcUeE4HujsMK\nY5lTQN4M3s2TsVkXjLzTHfm7+6Qhgu2OlN1LP9XzxTxb3opBiEUZq9WDI3YKP+Nw\nwo85TqJ15SO31VyoEYyD15TU79xgrfT5lxfe8ZFxGOSRhScOc/7wDkPHs0aNnU9E\n9ZsKgxT36KTDVrYxjVOPvaPTG9MVy1ZUxf6m2wIDAQABAoIBAG8eWjf57fB2mYnV\nWOnopIl64GY+2hHbimkHUlPSYARvXzFRn5t3XDmSNYXxRP87ebVl5IX7G0Y/7kW8\nlhyzS1gwZFShK+EnN/OcxRuBU1DTHIaG1pezL56I8Ll+EJ57rquWQMCtowkRVUbU\ngnJC5lNfZUmoUlrZcN3GWEnpryangbgkgJnJCBEziIsTurtkMKCTeFPyLADHI8XR\nrMtKq6rCkA5YXc9NnkJZMFccxyoo2Lo0nViFQtxgWmgSylZjsZ2OfIQ2xK1vPbjP\nUOA7BjD4UBpM+bnxe1Q0AJp7PPCO3S1mjV+Bkwr9oxKgINcy8xXLuGCOeQe9Z4p/\nG7DOGIECgYEA4nVebZWLs2oPJQkD4JvOOHklR6eOkTcSNM12FyIvvwACxJslS4iS\nT57QTJOR6y5vNJGTFAAktJyO3jVskbXUBIF+DFF3DmkjlpOWurrWpQ1piVIjh6fD\nw7z/WFuLw20uvhGhyldQ5ciwB6MDTwiiAWyEgWS0fcl78UlX7c9vZ3ECgYEA8JJb\n9XuKXR8q4QXYBQXPfK49E+P7T7tcHfyOKMznISP6mmAZi91ZXasomC/V9wD3X07+\n8UOMdPF9zU6aX7fU8fRNHL5/ntDIzhzIwzASnccUt09RuJG+8IqJTABuxFuMzPhd\nHLs0P/wSitPdk18EdfcaicCCsn0Nvo6xD+owBQsCgYEAlDeZfEPa0azjCKxj20he\nqtuvqLxkNWtEAUdQuUdo1KwfI6sft9ZFXNNnJheX88PKiS+Wggqt+4BUid+RlbTa\ndbCDXXCcadQqtM0YZFMRVan3nychlhIZsS0sOxp/2YLGiyRjLloD2sGFZRouejX+\nQsxR1ZaiA4oyEvScFkwkcCECgYAtneMYElvzOnS8BIqosShd4QAt5F4ECWf3O6uN\nKwVssFDVswFFFyzZ6Rmiefedha5igS0wfHmGtz/+jTgSjF4xnvx8RdcXO0nIY4bi\nFByDlHtmIwFA+Un2fJ56Ld7TFvUE7NdjGlBXDapKbtAmIK9M2xVKJ5ng1HultZL3\njJWcbwKBgAD+rvb48uzRexBVw/Rhf1+zyGcB2Cw73PSj38Nn366FbYY3wFG1Ban3\nDVVR28OHnXdIVqX0t9Js49BzZL5p/r9kwuu49PGeP3NnXtofEi/a6+R32vPypU0f\nKK6ozGP9k0xQwRhnoaPBcKaglzItDltkl4oQWTTw020SbE+pvH+b\n-----END RSA PRIVATE KEY-----\n",
            "private_key_pem_pkcs8": "-----BEGIN PRIVATE KEY-----\nMIIEvQIBADANBgkqhkiG9w0BAQEFAASCBKcwggSjAgEAAoIBAQDUz4DPdt9e7EuI\nDmJTI/yqFXCNeaS8rtkaYELBC4yp9sAtXvSyZjfYXm71m3ou+/eguAwO9ZDfUSho\n71xx5r6VDLERbVD2PO7+kazu14EEvwPfWR9CeXyG14HbyGq+OrCL14PtULudKelC\nS4mr1XPSrZBzfSRw9i7LmN4JxR4Tge6OwwpjmVNA3gzezZOxWReMvNMd+bv7pCGC\n7Y6U3Us/1fPFPFveikGIRRmr1YMjdgo/43DCjzlOonXlI7fVXKgRjIPXlNTv3GCt\n9PmXF97xkXEY5JGFJw5z/vAOQ8ezRo2dT0T1mwqDFPfopMNWtjGNU4+9o9Mb0xXL\nVlTF/qbbAgMBAAECggEAbx5aN/nt8HaZidVY6eikiXrgZj7aEduKaQdSU9JgBG9f\nMVGfm3dcOZI1hfFE/zt5tWXkhfsbRj/uRbyWHLNLWDBkVKEr4Sc385zFG4FTUNMc\nhobWl7MvnojwuX4Qnnuuq5ZAwK2jCRFVRtSCckLmU19lSahSWtlw3cZYSemvJqeB\nuCSAmckIETOIixO6u2QwoJN4U/IsAMcjxdGsy0qrqsKQDlhdz02eQlkwVxzHKijY\nujSdWIVC3GBaaBLKVmOxnY58hDbErW89uM9Q4DsGMPhQGkz5ufF7VDQAmns88I7d\nLWaNX4GTCv2jEqAg1zLzFcu4YI55B71nin8bsM4YgQKBgQDidV5tlYuzag8lCQPg\nm844eSVHp46RNxI0zXYXIi+/AALEmyVLiJJPntBMk5HrLm80kZMUACS0nI7eNWyR\ntdQEgX4MUXcOaSOWk5a6utalDWmJUiOHp8PDvP9YW4vDbS6+EaHKV1DlyLAHowNP\nCKIBbISBZLR9yXvxSVftz29ncQKBgQDwklv1e4pdHyrhBdgFBc98rj0T4/tPu1wd\n/I4ozOchI/qaYBmL3VldqyiYL9X3APdfTv7xQ4x08X3NTppft9Tx9E0cvn+e0MjO\nHMjDMBKdxxS3T1G4kb7wiolMAG7EW4zM+F0cuzQ//BKK092TXwR19xqJwIKyfQ2+\njrEP6jAFCwKBgQCUN5l8Q9rRrOMIrGPbSF6q26+ovGQ1a0QBR1C5R2jUrB8jqx+3\n1kVc02cmF5fzw8qJL5aCCq37gFSJ35GVtNp1sINdcJxp1Cq0zRhkUxFVqfefJyGW\nEhmxLSw7Gn/ZgsaLJGMuWgPawYVlGi56Nf5CzFHVlqIDijIS9JwWTCRwIQKBgC2d\n4xgSW/M6dLwEiqixKF3hAC3kXgQJZ/c7q40rBWywUNWzAUUXLNnpGaJ5952FrmKB\nLTB8eYa3P/6NOBKMXjGe/HxF1xc7SchjhuIUHIOUe2YjAUD5SfZ8nnot3tMW9QTs\n12MaUFcNqkpu0CYgr0zbFUonmeDUe6W1kveMlZxvAoGAAP6u9vjy7NF7EFXD9GF/\nX7PIZwHYLDvc9KPfw2ffroVthjfAUbUFqfcNVVHbw4edd0hWpfS30mzj0HNkvmn+\nv2TC67j08Z4/c2de2h8SL9rr5Hfa8/KlTR8orqjMY/2TTFDBGGeho8FwpqCXMi0O\nW2SXihBZNPDTbRJsT6m8f5s=\n-----END PRIVATE KEY-----\n",
            "public_key_fingerprint_md5": "d9:8e:44:d8:d5:44:4a:a1:a4:3f:94:80:00:af:aa:6a",
            "public_key_fingerprint_sha256": "SHA256:ht654ck8/vwMZ4t0xnwVbTVHJXVq5pfbkrjCFVy6bEM",
            "public_key_openssh": "ssh-rsa AAAAB3NzaC1yc2EAAAADAQABAAABAQDUz4DPdt9e7EuIDmJTI/yqFXCNeaS8rtkaYELBC4yp9sAtXvSyZjfYXm71m3ou+/eguAwO9ZDfUSho71xx5r6VDLERbVD2PO7+kazu14EEvwPfWR9CeXyG14HbyGq+OrCL14PtULudKelCS4mr1XPSrZBzfSRw9i7LmN4JxR4Tge6OwwpjmVNA3gzezZOxWReMvNMd+bv7pCGC7Y6U3Us/1fPFPFveikGIRRmr1YMjdgo/43DCjzlOonXlI7fVXKgRjIPXlNTv3GCt9PmXF97xkXEY5JGFJw5z/vAOQ8ezRo2dT0T1mwqDFPfopMNWtjGNU4+9o9Mb0xXLVlTF/qbb\n",
            "public_key_pem": "-----BEGIN PUBLIC KEY-----\nMIIBIjANBgkqhkiG9w0BAQEFAAOCAQ8AMIIBCgKCAQEA1M+Az3bfXuxLiA5iUyP8\nqhVwjXmkvK7ZGmBCwQuMqfbALV70smY32F5u9Zt6Lvv3oLgMDvWQ31EoaO9ccea+\nlQyxEW1Q9jzu/pGs7teBBL8D31kfQnl8hteB28hqvjqwi9eD7VC7nSnpQkuJq9Vz\n0q2Qc30kcPYuy5jeCcUeE4HujsMKY5lTQN4M3s2TsVkXjLzTHfm7+6Qhgu2OlN1L\nP9XzxTxb3opBiEUZq9WDI3YKP+Nwwo85TqJ15SO31VyoEYyD15TU79xgrfT5lxfe\n8ZFxGOSRhScOc/7wDkPHs0aNnU9E9ZsKgxT36KTDVrYxjVOPvaPTG9MVy1ZUxf6m\n2wIDAQAB\n-----END PUBLIC KEY-----\n",
            "rsa_bits": 2048
          },
          "sensitive_attributes": []
        }
      ]
    }
  ],
  "check_results": null
}
